
Microsoft Visual Studio Solution File, Format Version 12.00
# Visual Studio Version 17
VisualStudioVersion = 17.1.32228.430
MinimumVisualStudioVersion = 10.0.40219.1
Project("{FAE04EC0-301F-11D3-BF4B-00C04F79EFBC}") = "p323", "p323\p323.csproj", "{DDDA2F0A-74E6-4F35-9311-D0183A77145D}"
EndProject
Global
	GlobalSection(SolutionConfigurationPlatforms) = preSolution
		Debug|Any CPU = Debug|Any CPU
		Release|Any CPU = Release|Any CPU
	EndGlobalSection
	GlobalSection(ProjectConfigurationPlatforms) = postSolution
		{DDDA2F0A-74E6-4F35-9311-D0183A77145D}.Debug|Any CPU.ActiveCfg = Debug|Any CPU
		{DDDA2F0A-74E6-4F35-9311-D0183A77145D}.Debug|Any CPU.Build.0 = Debug|Any CPU
		{DDDA2F0A-74E6-4F35-9311-D0183A77145D}.Release|Any CPU.ActiveCfg = Release|Any CPU
		{DDDA2F0A-74E6-4F35-9311-D0183A77145D}.Release|Any CPU.Build.0 = Release|Any CPU
	EndGlobalSection
	GlobalSection(SolutionProperties) = preSolution
		HideSolutionNode = FALSE
	EndGlobalSection
	GlobalSection(ExtensibilityGlobals) = postSolution
		SolutionGuid = {39856C32-171F-42F2-96A7-116DCFF6F080}
	EndGlobalSection
EndGlobal
